
Microsoft Visual Studio Solution File, Format Version 12.00
# Visual Studio Version 17
VisualStudioVersion = 17.1.31903.286
MinimumVisualStudioVersion = 10.0.40219.1
Project("{FAE04EC0-301F-11D3-BF4B-00C04F79EFBC}") = "LoginMacroWPF", "LoginMacroWPF\LoginMacroWPF.csproj", "{98BEF443-4438-4C81-89A2-B64B76192A2D}"
EndProject
Global
	GlobalSection(SolutionConfigurationPlatforms) = preSolution
		Debug|Any CPU = Debug|Any CPU
		Release|Any CPU = Release|Any CPU
	EndGlobalSection
	GlobalSection(ProjectConfigurationPlatforms) = postSolution
		{98BEF443-4438-4C81-89A2-B64B76192A2D}.Debug|Any CPU.ActiveCfg = Debug|Any CPU
		{98BEF443-4438-4C81-89A2-B64B76192A2D}.Debug|Any CPU.Build.0 = Debug|Any CPU
		{98BEF443-4438-4C81-89A2-B64B76192A2D}.Release|Any CPU.ActiveCfg = Release|Any CPU
		{98BEF443-4438-4C81-89A2-B64B76192A2D}.Release|Any CPU.Build.0 = Release|Any CPU
	EndGlobalSection
	GlobalSection(SolutionProperties) = preSolution
		HideSolutionNode = FALSE
	EndGlobalSection
	GlobalSection(ExtensibilityGlobals) = postSolution
		SolutionGuid = {88C01FB2-8E62-49FB-8A3C-0E5213013402}
	EndGlobalSection
EndGlobal
